
Microsoft Visual Studio Solution File, Format Version 12.00
# Visual Studio Version 17
VisualStudioVersion = 17.5.33424.131
MinimumVisualStudioVersion = 10.0.40219.1
Project("{FAE04EC0-301F-11D3-BF4B-00C04F79EFBC}") = "AutoPipeline", "AutoPipeline\AutoPipeline.csproj", "{EB669973-29DD-423D-A8EE-BB8452A21428}"
EndProject
Global
	GlobalSection(SolutionConfigurationPlatforms) = preSolution
		Debug|Any CPU = Debug|Any CPU
		Release|Any CPU = Release|Any CPU
	EndGlobalSection
	GlobalSection(ProjectConfigurationPlatforms) = postSolution
		{EB669973-29DD-423D-A8EE-BB8452A21428}.Debug|Any CPU.ActiveCfg = Debug|Any CPU
		{EB669973-29DD-423D-A8EE-BB8452A21428}.Debug|Any CPU.Build.0 = Debug|Any CPU
		{EB669973-29DD-423D-A8EE-BB8452A21428}.Release|Any CPU.ActiveCfg = Release|Any CPU
		{EB669973-29DD-423D-A8EE-BB8452A21428}.Release|Any CPU.Build.0 = Release|Any CPU
	EndGlobalSection
	GlobalSection(SolutionProperties) = preSolution
		HideSolutionNode = FALSE
	EndGlobalSection
	GlobalSection(ExtensibilityGlobals) = postSolution
		SolutionGuid = {82131951-2702-4A24-ABF0-A14A55953F40}
	EndGlobalSection
EndGlobal
